
Microsoft Visual Studio Solution File, Format Version 12.00
# Visual Studio 14
VisualStudioVersion = 14.0.23107.0
MinimumVisualStudioVersion = 10.0.40219.1
Project("{FAE04EC0-301F-11D3-BF4B-00C04F79EFBC}") = "Daily 3 Easy CS", "Daily 3 Easy CS\Daily 3 Easy CS.csproj", "{FA4503F7-3484-4A9D-9D68-40D79A086DBA}"
EndProject
Global
	GlobalSection(SolutionConfigurationPlatforms) = preSolution
		Debug|Any CPU = Debug|Any CPU
		Release|Any CPU = Release|Any CPU
	EndGlobalSection
	GlobalSection(ProjectConfigurationPlatforms) = postSolution
		{FA4503F7-3484-4A9D-9D68-40D79A086DBA}.Debug|Any CPU.ActiveCfg = Debug|Any CPU
		{FA4503F7-3484-4A9D-9D68-40D79A086DBA}.Debug|Any CPU.Build.0 = Debug|Any CPU
		{FA4503F7-3484-4A9D-9D68-40D79A086DBA}.Release|Any CPU.ActiveCfg = Release|Any CPU
		{FA4503F7-3484-4A9D-9D68-40D79A086DBA}.Release|Any CPU.Build.0 = Release|Any CPU
	EndGlobalSection
	GlobalSection(SolutionProperties) = preSolution
		HideSolutionNode = FALSE
	EndGlobalSection
EndGlobal
